PODS:
  - Teak (4.3.11):
    - Teak/Core (= 4.3.11)
  - Teak/Core (4.3.11)
  - Teak/Extension (4.3.11)

DEPENDENCIES:
  - Teak (~> 4.3)
  - Teak/Extension (~> 4.3)

SPEC REPOS:
  trunk:
    - Teak

SPEC CHECKSUMS:
  Teak: 6840cad3a3c5bc41bc1159bfabcc48ce03a23610

PODFILE CHECKSUM: a6d4f23ca8211981b78ef795d4c1cbf3d8b6301f

COCOAPODS: 1.16.2
