PODS:
  - Teak (4.3.11):
    - Teak/Core (= 4.3.11)
  - Teak/Core (4.3.11)
  - Teak/Extension (4.3.11)

DEPENDENCIES:
  - Teak
  - Teak/Extension

SPEC REPOS:
  trunk:
    - Teak

SPEC CHECKSUMS:
  Teak: 6840cad3a3c5bc41bc1159bfabcc48ce03a23610

PODFILE CHECKSUM: 4e628ccb314187379bd42083d08e813cb39ad522

COCOAPODS: 1.16.2
