PODS:
  - Teak (4.3.11):
    - Teak/Core (= 4.3.11)
  - Teak/Core (4.3.11)
  - Teak/Extension (4.3.11)

DEPENDENCIES:
  - Teak
  - Teak/Extension

SPEC REPOS:
  trunk:
    - Teak

SPEC CHECKSUMS:
  Teak: 6840cad3a3c5bc41bc1159bfabcc48ce03a23610

PODFILE CHECKSUM: b7a60645792beac862022332a0b33b46e97ffc79

COCOAPODS: 1.16.2
