// !$*UTF8*$!
{
	archiveVersion = 1;
	classes = {
	};
	objectVersion = 77;
	objects = {

/* Begin PBXBuildFile section */
		44601B93F7581854A7A1FB90 /* Pods_TeakNotificationService.framework in Frameworks */ = {isa = PBXBuildFile; fileRef = 43A20D99C64507C18DD51F42 /* Pods_TeakNotificationService.framework */; };
		6A3B28CAA5D6B793D804AAF4 /* TeakLiveActivityWidget.appex in Embed Foundation Extensions */ = {isa = PBXBuildFile; fileRef = E22E86918A8C8BCFFA6BAA27 /* TeakLiveActivityWidget.appex */; settings = {ATTRIBUTES = (RemoveHeadersOnCopy, ); }; };
		8D9F45FBF5181BD9E896D587 /* Pods_TeakContentExtension.framework in Frameworks */ = {isa = PBXBuildFile; fileRef = 105F381024CA2C684AEA3854 /* Pods_TeakContentExtension.framework */; };
		91676C8EB883872467ABEEF6 /* Pods_TeakLiveActivityWidget.framework in Frameworks */ = {isa = PBXBuildFile; fileRef = 7ED6C3A98D7CC59A25ECA0E0 /* Pods_TeakLiveActivityWidget.framework */; };
		D27336F0928B12E58C8DA4A3 /* Pods_TeakSwiftCleanroomPods.framework in Frameworks */ = {isa = PBXBuildFile; fileRef = A90A792AA30C624C019D5DF1 /* Pods_TeakSwiftCleanroomPods.framework */; };
		FA819D7A2F75DA8B006242DA /* TeakNotificationService.appex in Embed Foundation Extensions */ = {isa = PBXBuildFile; fileRef = FA819D732F75DA8B006242DA /* TeakNotificationService.appex */; settings = {ATTRIBUTES = (RemoveHeadersOnCopy, ); }; };
		FA819D952F75DB8C006242DA /* UserNotifications.framework in Frameworks */ = {isa = PBXBuildFile; fileRef = FA819D942F75DB8C006242DA /* UserNotifications.framework */; };
		FA819D972F75DB8C006242DA /* UserNotificationsUI.framework in Frameworks */ = {isa = PBXBuildFile; fileRef = FA819D962F75DB8C006242DA /* UserNotificationsUI.framework */; };
		FA819DA12F75DB8C006242DA /* TeakContentExtension.appex in Embed Foundation Extensions */ = {isa = PBXBuildFile; fileRef = FA819D932F75DB8C006242DA /* TeakContentExtension.appex */; settings = {ATTRIBUTES = (RemoveHeadersOnCopy, ); }; };
/* End PBXBuildFile section */

/* Begin PBXContainerItemProxy section */
		C9D7D3B9771D24A322E9182C /* PBXContainerItemProxy */ = {
			isa = PBXContainerItemProxy;
			containerPortal = FA34DB3E2D7679F400D1C1C5 /* Project object */;
			proxyType = 1;
			remoteGlobalIDString = 0E477D5F927A61A51B1DFB35;
			remoteInfo = TeakLiveActivityWidget;
		};
		FA819D782F75DA8B006242DA /* PBXContainerItemProxy */ = {
			isa = PBXContainerItemProxy;
			containerPortal = FA34DB3E2D7679F400D1C1C5 /* Project object */;
			proxyType = 1;
			remoteGlobalIDString = FA819D722F75DA8B006242DA;
			remoteInfo = TeakNotificationService;
		};
		FA819D9F2F75DB8C006242DA /* PBXContainerItemProxy */ = {
			isa = PBXContainerItemProxy;
			containerPortal = FA34DB3E2D7679F400D1C1C5 /* Project object */;
			proxyType = 1;
			remoteGlobalIDString = FA819D922F75DB8C006242DA;
			remoteInfo = TeakContentExtension;
		};
/* End PBXContainerItemProxy section */

/* Begin PBXCopyFilesBuildPhase section */
		FA819D5E2F75D1BF006242DA /* Embed Foundation Extensions */ = {
			isa = PBXCopyFilesBuildPhase;
			buildActionMask = 2147483647;
			dstPath = "";
			dstSubfolderSpec = 13;
			files = (
				FA819D7A2F75DA8B006242DA /* TeakNotificationService.appex in Embed Foundation Extensions */,
				FA819DA12F75DB8C006242DA /* TeakContentExtension.appex in Embed Foundation Extensions */,
				6A3B28CAA5D6B793D804AAF4 /* TeakLiveActivityWidget.appex in Embed Foundation Extensions */,
			);
			name = "Embed Foundation Extensions";
			runOnlyForDeploymentPostprocessing = 0;
		};
/* End PBXCopyFilesBuildPhase section */

/* Begin PBXFileReference section */
		0594A5B5AF4D0B42318D96FF /* Pods-TeakNotificationService.debug.xcconfig */ = {isa = PBXFileReference; includeInIndex = 1; lastKnownFileType = text.xcconfig; name = "Pods-TeakNotificationService.debug.xcconfig"; path = "Target Support Files/Pods-TeakNotificationService/Pods-TeakNotificationService.debug.xcconfig"; sourceTree = "<group>"; };
		105F381024CA2C684AEA3854 /* Pods_TeakContentExtension.framework */ = {isa = PBXFileReference; explicitFileType = wrapper.framework; includeInIndex = 0; path = Pods_TeakContentExtension.framework; sourceTree = BUILT_PRODUCTS_DIR; };
		11B515428D20B63798A77E3C /* Pods-TeakSwiftCleanroomPods.release.xcconfig */ = {isa = PBXFileReference; includeInIndex = 1; lastKnownFileType = text.xcconfig; name = "Pods-TeakSwiftCleanroomPods.release.xcconfig"; path = "Target Support Files/Pods-TeakSwiftCleanroomPods/Pods-TeakSwiftCleanroomPods.release.xcconfig"; sourceTree = "<group>"; };
		43A20D99C64507C18DD51F42 /* Pods_TeakNotificationService.framework */ = {isa = PBXFileReference; explicitFileType = wrapper.framework; includeInIndex = 0; path = Pods_TeakNotificationService.framework; sourceTree = BUILT_PRODUCTS_DIR; };
		63E70713EAA36E32BA25ABC1 /* Pods-TeakContentExtension.debug.xcconfig */ = {isa = PBXFileReference; includeInIndex = 1; lastKnownFileType = text.xcconfig; name = "Pods-TeakContentExtension.debug.xcconfig"; path = "Target Support Files/Pods-TeakContentExtension/Pods-TeakContentExtension.debug.xcconfig"; sourceTree = "<group>"; };
		70850633151861A9D3DA7E1A /* Pods-TeakSwiftCleanroomPods.debug.xcconfig */ = {isa = PBXFileReference; includeInIndex = 1; lastKnownFileType = text.xcconfig; name = "Pods-TeakSwiftCleanroomPods.debug.xcconfig"; path = "Target Support Files/Pods-TeakSwiftCleanroomPods/Pods-TeakSwiftCleanroomPods.debug.xcconfig"; sourceTree = "<group>"; };
		7ED6C3A98D7CC59A25ECA0E0 /* Pods_TeakLiveActivityWidget.framework */ = {isa = PBXFileReference; explicitFileType = wrapper.framework; includeInIndex = 0; path = Pods_TeakLiveActivityWidget.framework; sourceTree = BUILT_PRODUCTS_DIR; };
		7F41F0125D069943D0323D3A /* Pods-TeakLiveActivityWidget.release.xcconfig */ = {isa = PBXFileReference; includeInIndex = 1; lastKnownFileType = text.xcconfig; name = "Pods-TeakLiveActivityWidget.release.xcconfig"; path = "Target Support Files/Pods-TeakLiveActivityWidget/Pods-TeakLiveActivityWidget.release.xcconfig"; sourceTree = "<group>"; };
		9A2C499E27910A2145CB8EAE /* Pods-TeakContentExtension.release.xcconfig */ = {isa = PBXFileReference; includeInIndex = 1; lastKnownFileType = text.xcconfig; name = "Pods-TeakContentExtension.release.xcconfig"; path = "Target Support Files/Pods-TeakContentExtension/Pods-TeakContentExtension.release.xcconfig"; sourceTree = "<group>"; };
		A6FC1337B03CCE39F012CEE2 /* Pods-TeakNotificationService.release.xcconfig */ = {isa = PBXFileReference; includeInIndex = 1; lastKnownFileType = text.xcconfig; name = "Pods-TeakNotificationService.release.xcconfig"; path = "Target Support Files/Pods-TeakNotificationService/Pods-TeakNotificationService.release.xcconfig"; sourceTree = "<group>"; };
		A90A792AA30C624C019D5DF1 /* Pods_TeakSwiftCleanroomPods.framework */ = {isa = PBXFileReference; explicitFileType = wrapper.framework; includeInIndex = 0; path = Pods_TeakSwiftCleanroomPods.framework; sourceTree = BUILT_PRODUCTS_DIR; };
		B9A60C53772AD42C4B852890 /* Foundation.framework */ = {isa = PBXFileReference; lastKnownFileType = wrapper.framework; name = Foundation.framework; path = Platforms/iPhoneOS.platform/Developer/SDKs/iPhoneOS18.0.sdk/System/Library/Frameworks/Foundation.framework; sourceTree = DEVELOPER_DIR; };
		BCAA3043447EF7136DAD6951 /* Pods-TeakLiveActivityWidget.debug.xcconfig */ = {isa = PBXFileReference; includeInIndex = 1; lastKnownFileType = text.xcconfig; name = "Pods-TeakLiveActivityWidget.debug.xcconfig"; path = "Target Support Files/Pods-TeakLiveActivityWidget/Pods-TeakLiveActivityWidget.debug.xcconfig"; sourceTree = "<group>"; };
		E22E86918A8C8BCFFA6BAA27 /* TeakLiveActivityWidget.appex */ = {isa = PBXFileReference; explicitFileType = "wrapper.app-extension"; includeInIndex = 0; path = TeakLiveActivityWidget.appex; sourceTree = BUILT_PRODUCTS_DIR; };
		FA34DB462D7679F400D1C1C5 /* TeakSwiftCleanroomPods.app */ = {isa = PBXFileReference; explicitFileType = wrapper.application; includeInIndex = 0; path = TeakSwiftCleanroomPods.app; sourceTree = BUILT_PRODUCTS_DIR; };
		FA819D732F75DA8B006242DA /* TeakNotificationService.appex */ = {isa = PBXFileReference; explicitFileType = "wrapper.app-extension"; includeInIndex = 0; path = TeakNotificationService.appex; sourceTree = BUILT_PRODUCTS_DIR; };
		FA819D932F75DB8C006242DA /* TeakContentExtension.appex */ = {isa = PBXFileReference; explicitFileType = "wrapper.app-extension"; includeInIndex = 0; path = TeakContentExtension.appex; sourceTree = BUILT_PRODUCTS_DIR; };
		FA819D942F75DB8C006242DA /* UserNotifications.framework */ = {isa = PBXFileReference; lastKnownFileType = wrapper.framework; name = UserNotifications.framework; path = System/Library/Frameworks/UserNotifications.framework; sourceTree = SDKROOT; };
		FA819D962F75DB8C006242DA /* UserNotificationsUI.framework */ = {isa = PBXFileReference; lastKnownFileType = wrapper.framework; name = UserNotificationsUI.framework; path = System/Library/Frameworks/UserNotificationsUI.framework; sourceTree = SDKROOT; };
/* End PBXFileReference section */

/* Begin PBXFileSystemSynchronizedBuildFileExceptionSet section */
		0B6DF4E6FDAF7C3A494672DE /* Exceptions for "TeakLiveActivityWidget" folder in "TeakLiveActivityWidget" target */ = {
			isa = PBXFileSystemSynchronizedBuildFileExceptionSet;
			membershipExceptions = (
				Info.plist,
			);
			target = 0E477D5F927A61A51B1DFB35 /* TeakLiveActivityWidget */;
		};
		FA34DB6B2D76815600D1C1C5 /* Exceptions for "TeakSwiftCleanroomPods" folder in "TeakSwiftCleanroomPods" target */ = {
			isa = PBXFileSystemSynchronizedBuildFileExceptionSet;
			membershipExceptions = (
				Info.plist,
			);
			target = FA34DB452D7679F400D1C1C5 /* TeakSwiftCleanroomPods */;
		};
		FA819D7E2F75DA8B006242DA /* Exceptions for "TeakNotificationService" folder in "TeakNotificationService" target */ = {
			isa = PBXFileSystemSynchronizedBuildFileExceptionSet;
			membershipExceptions = (
				Info.plist,
			);
			target = FA819D722F75DA8B006242DA /* TeakNotificationService */;
		};
		FA819DA52F75DB8C006242DA /* Exceptions for "TeakContentExtension" folder in "TeakContentExtension" target */ = {
			isa = PBXFileSystemSynchronizedBuildFileExceptionSet;
			membershipExceptions = (
				Info.plist,
			);
			target = FA819D922F75DB8C006242DA /* TeakContentExtension */;
		};
/* End PBXFileSystemSynchronizedBuildFileExceptionSet section */

/* Begin PBXFileSystemSynchronizedRootGroup section */
		1139513F84422BAD22A603A6 /* Shared */ = {
			isa = PBXFileSystemSynchronizedRootGroup;
			exceptions = (
			);
			path = Shared;
			sourceTree = "<group>";
		};
		C35E9B57A4F68068CB17CA87 /* TeakLiveActivityWidget */ = {
			isa = PBXFileSystemSynchronizedRootGroup;
			exceptions = (
				0B6DF4E6FDAF7C3A494672DE /* Exceptions for "TeakLiveActivityWidget" folder in "TeakLiveActivityWidget" target */,
			);
			path = TeakLiveActivityWidget;
			sourceTree = "<group>";
		};
		FA34DB482D7679F400D1C1C5 /* TeakSwiftCleanroomPods */ = {
			isa = PBXFileSystemSynchronizedRootGroup;
			exceptions = (
				FA34DB6B2D76815600D1C1C5 /* Exceptions for "TeakSwiftCleanroomPods" folder in "TeakSwiftCleanroomPods" target */,
			);
			path = TeakSwiftCleanroomPods;
			sourceTree = "<group>";
		};
		FA819D742F75DA8B006242DA /* TeakNotificationService */ = {
			isa = PBXFileSystemSynchronizedRootGroup;
			exceptions = (
				FA819D7E2F75DA8B006242DA /* Exceptions for "TeakNotificationService" folder in "TeakNotificationService" target */,
			);
			path = TeakNotificationService;
			sourceTree = "<group>";
		};
		FA819D982F75DB8C006242DA /* TeakContentExtension */ = {
			isa = PBXFileSystemSynchronizedRootGroup;
			exceptions = (
				FA819DA52F75DB8C006242DA /* Exceptions for "TeakContentExtension" folder in "TeakContentExtension" target */,
			);
			path = TeakContentExtension;
			sourceTree = "<group>";
		};
/* End PBXFileSystemSynchronizedRootGroup section */

/* Begin PBXFrameworksBuildPhase section */
		2AFD9313011BA555F126F20A /* Frameworks */ = {
			isa = PBXFrameworksBuildPhase;
			buildActionMask = 2147483647;
			files = (
				91676C8EB883872467ABEEF6 /* Pods_TeakLiveActivityWidget.framework in Frameworks */,
			);
			runOnlyForDeploymentPostprocessing = 0;
		};
		FA34DB432D7679F400D1C1C5 /* Frameworks */ = {
			isa = PBXFrameworksBuildPhase;
			buildActionMask = 2147483647;
			files = (
				D27336F0928B12E58C8DA4A3 /* Pods_TeakSwiftCleanroomPods.framework in Frameworks */,
			);
			runOnlyForDeploymentPostprocessing = 0;
		};
		FA819D702F75DA8B006242DA /* Frameworks */ = {
			isa = PBXFrameworksBuildPhase;
			buildActionMask = 2147483647;
			files = (
				44601B93F7581854A7A1FB90 /* Pods_TeakNotificationService.framework in Frameworks */,
			);
			runOnlyForDeploymentPostprocessing = 0;
		};
		FA819D902F75DB8C006242DA /* Frameworks */ = {
			isa = PBXFrameworksBuildPhase;
			buildActionMask = 2147483647;
			files = (
				FA819D972F75DB8C006242DA /* UserNotificationsUI.framework in Frameworks */,
				FA819D952F75DB8C006242DA /* UserNotifications.framework in Frameworks */,
				8D9F45FBF5181BD9E896D587 /* Pods_TeakContentExtension.framework in Frameworks */,
			);
			runOnlyForDeploymentPostprocessing = 0;
		};
/* End PBXFrameworksBuildPhase section */

/* Begin PBXGroup section */
		1BBA05FCAB8F693B4BC70C0E /* iOS */ = {
			isa = PBXGroup;
			children = (
				B9A60C53772AD42C4B852890 /* Foundation.framework */,
			);
			name = iOS;
			sourceTree = "<group>";
		};
		477707E8162C4263AE7BF648 /* Frameworks */ = {
			isa = PBXGroup;
			children = (
				A90A792AA30C624C019D5DF1 /* Pods_TeakSwiftCleanroomPods.framework */,
				43A20D99C64507C18DD51F42 /* Pods_TeakNotificationService.framework */,
				FA819D942F75DB8C006242DA /* UserNotifications.framework */,
				FA819D962F75DB8C006242DA /* UserNotificationsUI.framework */,
				105F381024CA2C684AEA3854 /* Pods_TeakContentExtension.framework */,
				1BBA05FCAB8F693B4BC70C0E /* iOS */,
				7ED6C3A98D7CC59A25ECA0E0 /* Pods_TeakLiveActivityWidget.framework */,
			);
			name = Frameworks;
			sourceTree = "<group>";
		};
		849404F411E770F8AE24D04D /* Pods */ = {
			isa = PBXGroup;
			children = (
				70850633151861A9D3DA7E1A /* Pods-TeakSwiftCleanroomPods.debug.xcconfig */,
				11B515428D20B63798A77E3C /* Pods-TeakSwiftCleanroomPods.release.xcconfig */,
				0594A5B5AF4D0B42318D96FF /* Pods-TeakNotificationService.debug.xcconfig */,
				A6FC1337B03CCE39F012CEE2 /* Pods-TeakNotificationService.release.xcconfig */,
				63E70713EAA36E32BA25ABC1 /* Pods-TeakContentExtension.debug.xcconfig */,
				9A2C499E27910A2145CB8EAE /* Pods-TeakContentExtension.release.xcconfig */,
				7F41F0125D069943D0323D3A /* Pods-TeakLiveActivityWidget.release.xcconfig */,
				BCAA3043447EF7136DAD6951 /* Pods-TeakLiveActivityWidget.debug.xcconfig */,
			);
			path = Pods;
			sourceTree = "<group>";
		};
		FA34DB3D2D7679F400D1C1C5 = {
			isa = PBXGroup;
			children = (
				FA34DB482D7679F400D1C1C5 /* TeakSwiftCleanroomPods */,
				FA819D742F75DA8B006242DA /* TeakNotificationService */,
				FA819D982F75DB8C006242DA /* TeakContentExtension */,
				1139513F84422BAD22A603A6 /* Shared */,
				C35E9B57A4F68068CB17CA87 /* TeakLiveActivityWidget */,
				FA34DB472D7679F400D1C1C5 /* Products */,
				849404F411E770F8AE24D04D /* Pods */,
				477707E8162C4263AE7BF648 /* Frameworks */,
			);
			sourceTree = "<group>";
		};
		FA34DB472D7679F400D1C1C5 /* Products */ = {
			isa = PBXGroup;
			children = (
				FA34DB462D7679F400D1C1C5 /* TeakSwiftCleanroomPods.app */,
				FA819D732F75DA8B006242DA /* TeakNotificationService.appex */,
				FA819D932F75DB8C006242DA /* TeakContentExtension.appex */,
				E22E86918A8C8BCFFA6BAA27 /* TeakLiveActivityWidget.appex */,
				E22E86918A8C8BCFFA6BAA27 /* TeakLiveActivityWidget.appex */,
			);
			name = Products;
			sourceTree = "<group>";
		};
/* End PBXGroup section */

/* Begin PBXNativeTarget section */
		0E477D5F927A61A51B1DFB35 /* TeakLiveActivityWidget */ = {
			isa = PBXNativeTarget;
			buildConfigurationList = 89B3997E40CE7C653A47F0A1 /* Build configuration list for PBXNativeTarget "TeakLiveActivityWidget" */;
			buildPhases = (
				D886E25FEB2157EF5C0BBB6F /* [CP] Check Pods Manifest.lock */,
				B36CB6FAB9E6B7314DE1D5D3 /* Sources */,
				2AFD9313011BA555F126F20A /* Frameworks */,
				5497F70D24CCFCFCF64F4BC9 /* Resources */,
			);
			buildRules = (
			);
			dependencies = (
			);
			fileSystemSynchronizedGroups = (
				C35E9B57A4F68068CB17CA87 /* TeakLiveActivityWidget */,
				1139513F84422BAD22A603A6 /* Shared */,
			);
			name = TeakLiveActivityWidget;
			productName = TeakLiveActivityWidget;
			productReference = E22E86918A8C8BCFFA6BAA27 /* TeakLiveActivityWidget.appex */;
			productType = "com.apple.product-type.app-extension";
		};
		FA34DB452D7679F400D1C1C5 /* TeakSwiftCleanroomPods */ = {
			isa = PBXNativeTarget;
			buildConfigurationList = FA34DB542D7679F500D1C1C5 /* Build configuration list for PBXNativeTarget "TeakSwiftCleanroomPods" */;
			buildPhases = (
				2EAE9E937344F14E00D6B256 /* [CP] Check Pods Manifest.lock */,
				FA34DB422D7679F400D1C1C5 /* Sources */,
				FA34DB432D7679F400D1C1C5 /* Frameworks */,
				FA34DB442D7679F400D1C1C5 /* Resources */,
				816565E56C2C56D114DC1FE9 /* [CP] Embed Pods Frameworks */,
				FA819D5E2F75D1BF006242DA /* Embed Foundation Extensions */,
			);
			buildRules = (
			);
			dependencies = (
				FA819D792F75DA8B006242DA /* PBXTargetDependency */,
				FA819DA02F75DB8C006242DA /* PBXTargetDependency */,
				A900D675F6971EC85F241C93 /* PBXTargetDependency */,
			);
			fileSystemSynchronizedGroups = (
				FA34DB482D7679F400D1C1C5 /* TeakSwiftCleanroomPods */,
				1139513F84422BAD22A603A6 /* Shared */,
			);
			name = TeakSwiftCleanroomPods;
			productName = TeakSwiftCleanroomPods;
			productReference = FA34DB462D7679F400D1C1C5 /* TeakSwiftCleanroomPods.app */;
			productType = "com.apple.product-type.application";
		};
		FA819D722F75DA8B006242DA /* TeakNotificationService */ = {
			isa = PBXNativeTarget;
			buildConfigurationList = FA819D7B2F75DA8B006242DA /* Build configuration list for PBXNativeTarget "TeakNotificationService" */;
			buildPhases = (
				FA99801FBEADA368A1643AC8 /* [CP] Check Pods Manifest.lock */,
				FA819D6F2F75DA8B006242DA /* Sources */,
				FA819D702F75DA8B006242DA /* Frameworks */,
				FA819D712F75DA8B006242DA /* Resources */,
			);
			buildRules = (
			);
			dependencies = (
			);
			fileSystemSynchronizedGroups = (
				FA819D742F75DA8B006242DA /* TeakNotificationService */,
			);
			name = TeakNotificationService;
			productName = TeakNotificationService;
			productReference = FA819D732F75DA8B006242DA /* TeakNotificationService.appex */;
			productType = "com.apple.product-type.app-extension";
		};
		FA819D922F75DB8C006242DA /* TeakContentExtension */ = {
			isa = PBXNativeTarget;
			buildConfigurationList = FA819DA42F75DB8C006242DA /* Build configuration list for PBXNativeTarget "TeakContentExtension" */;
			buildPhases = (
				0E3CA0B62DE52976D7AD79A9 /* [CP] Check Pods Manifest.lock */,
				FA819D8F2F75DB8C006242DA /* Sources */,
				FA819D902F75DB8C006242DA /* Frameworks */,
				FA819D912F75DB8C006242DA /* Resources */,
			);
			buildRules = (
			);
			dependencies = (
			);
			fileSystemSynchronizedGroups = (
				FA819D982F75DB8C006242DA /* TeakContentExtension */,
			);
			name = TeakContentExtension;
			productName = TeakContentExtension;
			productReference = FA819D932F75DB8C006242DA /* TeakContentExtension.appex */;
			productType = "com.apple.product-type.app-extension";
		};
/* End PBXNativeTarget section */

/* Begin PBXProject section */
		FA34DB3E2D7679F400D1C1C5 /* Project object */ = {
			isa = PBXProject;
			attributes = {
				BuildIndependentTargetsInParallel = 1;
				LastSwiftUpdateCheck = 1640;
				LastUpgradeCheck = 1620;
				TargetAttributes = {
					0E477D5F927A61A51B1DFB35 = {
						CreatedOnToolsVersion = 16.4;
					};
					FA34DB452D7679F400D1C1C5 = {
						CreatedOnToolsVersion = 16.2;
					};
					FA819D722F75DA8B006242DA = {
						CreatedOnToolsVersion = 16.4;
					};
					FA819D922F75DB8C006242DA = {
						CreatedOnToolsVersion = 16.4;
					};
				};
			};
			buildConfigurationList = FA34DB412D7679F400D1C1C5 /* Build configuration list for PBXProject "TeakSwiftCleanroomPods" */;
			developmentRegion = en;
			hasScannedForEncodings = 0;
			knownRegions = (
				en,
				Base,
			);
			mainGroup = FA34DB3D2D7679F400D1C1C5;
			minimizedProjectReferenceProxies = 1;
			preferredProjectObjectVersion = 77;
			productRefGroup = FA34DB472D7679F400D1C1C5 /* Products */;
			projectDirPath = "";
			projectRoot = "";
			targets = (
				FA34DB452D7679F400D1C1C5 /* TeakSwiftCleanroomPods */,
				FA819D722F75DA8B006242DA /* TeakNotificationService */,
				FA819D922F75DB8C006242DA /* TeakContentExtension */,
				0E477D5F927A61A51B1DFB35 /* TeakLiveActivityWidget */,
			);
		};
/* End PBXProject section */

/* Begin PBXResourcesBuildPhase section */
		5497F70D24CCFCFCF64F4BC9 /* Resources */ = {
			isa = PBXResourcesBuildPhase;
			buildActionMask = 2147483647;
			files = (
			);
			runOnlyForDeploymentPostprocessing = 0;
		};
		FA34DB442D7679F400D1C1C5 /* Resources */ = {
			isa = PBXResourcesBuildPhase;
			buildActionMask = 2147483647;
			files = (
			);
			runOnlyForDeploymentPostprocessing = 0;
		};
		FA819D712F75DA8B006242DA /* Resources */ = {
			isa = PBXResourcesBuildPhase;
			buildActionMask = 2147483647;
			files = (
			);
			runOnlyForDeploymentPostprocessing = 0;
		};
		FA819D912F75DB8C006242DA /* Resources */ = {
			isa = PBXResourcesBuildPhase;
			buildActionMask = 2147483647;
			files = (
			);
			runOnlyForDeploymentPostprocessing = 0;
		};
/* End PBXResourcesBuildPhase section */

/* Begin PBXShellScriptBuildPhase section */
		0E3CA0B62DE52976D7AD79A9 /* [CP] Check Pods Manifest.lock */ = {
			isa = PBXShellScriptBuildPhase;
			buildActionMask = 2147483647;
			files = (
			);
			inputFileListPaths = (
			);
			inputPaths = (
				"${PODS_PODFILE_DIR_PATH}/Podfile.lock",
				"${PODS_ROOT}/Manifest.lock",
			);
			name = "[CP] Check Pods Manifest.lock";
			outputFileListPaths = (
			);
			outputPaths = (
				"$(DERIVED_FILE_DIR)/Pods-TeakContentExtension-checkManifestLockResult.txt",
			);
			runOnlyForDeploymentPostprocessing = 0;
			shellPath = /bin/sh;
			shellScript = "diff \"${PODS_PODFILE_DIR_PATH}/Podfile.lock\" \"${PODS_ROOT}/Manifest.lock\" > /dev/null\nif [ $? != 0 ] ; then\n    # print error to STDERR\n    echo \"error: The sandbox is not in sync with the Podfile.lock. Run 'pod install' or update your CocoaPods installation.\" >&2\n    exit 1\nfi\n# This output is used by Xcode 'outputs' to avoid re-running this script phase.\necho \"SUCCESS\" > \"${SCRIPT_OUTPUT_FILE_0}\"\n";
			showEnvVarsInLog = 0;
		};
		2EAE9E937344F14E00D6B256 /* [CP] Check Pods Manifest.lock */ = {
			isa = PBXShellScriptBuildPhase;
			buildActionMask = 2147483647;
			files = (
			);
			inputFileListPaths = (
			);
			inputPaths = (
				"${PODS_PODFILE_DIR_PATH}/Podfile.lock",
				"${PODS_ROOT}/Manifest.lock",
			);
			name = "[CP] Check Pods Manifest.lock";
			outputFileListPaths = (
			);
			outputPaths = (
				"$(DERIVED_FILE_DIR)/Pods-TeakSwiftCleanroomPods-checkManifestLockResult.txt",
			);
			runOnlyForDeploymentPostprocessing = 0;
			shellPath = /bin/sh;
			shellScript = "diff \"${PODS_PODFILE_DIR_PATH}/Podfile.lock\" \"${PODS_ROOT}/Manifest.lock\" > /dev/null\nif [ $? != 0 ] ; then\n    # print error to STDERR\n    echo \"error: The sandbox is not in sync with the Podfile.lock. Run 'pod install' or update your CocoaPods installation.\" >&2\n    exit 1\nfi\n# This output is used by Xcode 'outputs' to avoid re-running this script phase.\necho \"SUCCESS\" > \"${SCRIPT_OUTPUT_FILE_0}\"\n";
			showEnvVarsInLog = 0;
		};
		816565E56C2C56D114DC1FE9 /* [CP] Embed Pods Frameworks */ = {
			isa = PBXShellScriptBuildPhase;
			buildActionMask = 2147483647;
			files = (
			);
			inputFileListPaths = (
				"${PODS_ROOT}/Target Support Files/Pods-TeakSwiftCleanroomPods/Pods-TeakSwiftCleanroomPods-frameworks-${CONFIGURATION}-input-files.xcfilelist",
			);
			name = "[CP] Embed Pods Frameworks";
			outputFileListPaths = (
				"${PODS_ROOT}/Target Support Files/Pods-TeakSwiftCleanroomPods/Pods-TeakSwiftCleanroomPods-frameworks-${CONFIGURATION}-output-files.xcfilelist",
			);
			runOnlyForDeploymentPostprocessing = 0;
			shellPath = /bin/sh;
			shellScript = "\"${PODS_ROOT}/Target Support Files/Pods-TeakSwiftCleanroomPods/Pods-TeakSwiftCleanroomPods-frameworks.sh\"\n";
			showEnvVarsInLog = 0;
		};
		D886E25FEB2157EF5C0BBB6F /* [CP] Check Pods Manifest.lock */ = {
			isa = PBXShellScriptBuildPhase;
			buildActionMask = 2147483647;
			files = (
			);
			inputFileListPaths = (
			);
			inputPaths = (
				"${PODS_PODFILE_DIR_PATH}/Podfile.lock",
				"${PODS_ROOT}/Manifest.lock",
			);
			name = "[CP] Check Pods Manifest.lock";
			outputFileListPaths = (
			);
			outputPaths = (
				"$(DERIVED_FILE_DIR)/Pods-TeakLiveActivityWidget-checkManifestLockResult.txt",
			);
			runOnlyForDeploymentPostprocessing = 0;
			shellPath = /bin/sh;
			shellScript = "diff \"${PODS_PODFILE_DIR_PATH}/Podfile.lock\" \"${PODS_ROOT}/Manifest.lock\" > /dev/null\nif [ $? != 0 ] ; then\n    # print error to STDERR\n    echo \"error: The sandbox is not in sync with the Podfile.lock. Run 'pod install' or update your CocoaPods installation.\" >&2\n    exit 1\nfi\n# This output is used by Xcode 'outputs' to avoid re-running this script phase.\necho \"SUCCESS\" > \"${SCRIPT_OUTPUT_FILE_0}\"\n";
			showEnvVarsInLog = 0;
		};
		FA99801FBEADA368A1643AC8 /* [CP] Check Pods Manifest.lock */ = {
			isa = PBXShellScriptBuildPhase;
			buildActionMask = 2147483647;
			files = (
			);
			inputFileListPaths = (
			);
			inputPaths = (
				"${PODS_PODFILE_DIR_PATH}/Podfile.lock",
				"${PODS_ROOT}/Manifest.lock",
			);
			name = "[CP] Check Pods Manifest.lock";
			outputFileListPaths = (
			);
			outputPaths = (
				"$(DERIVED_FILE_DIR)/Pods-TeakNotificationService-checkManifestLockResult.txt",
			);
			runOnlyForDeploymentPostprocessing = 0;
			shellPath = /bin/sh;
			shellScript = "diff \"${PODS_PODFILE_DIR_PATH}/Podfile.lock\" \"${PODS_ROOT}/Manifest.lock\" > /dev/null\nif [ $? != 0 ] ; then\n    # print error to STDERR\n    echo \"error: The sandbox is not in sync with the Podfile.lock. Run 'pod install' or update your CocoaPods installation.\" >&2\n    exit 1\nfi\n# This output is used by Xcode 'outputs' to avoid re-running this script phase.\necho \"SUCCESS\" > \"${SCRIPT_OUTPUT_FILE_0}\"\n";
			showEnvVarsInLog = 0;
		};
/* End PBXShellScriptBuildPhase section */

/* Begin PBXSourcesBuildPhase section */
		B36CB6FAB9E6B7314DE1D5D3 /* Sources */ = {
			isa = PBXSourcesBuildPhase;
			buildActionMask = 2147483647;
			files = (
			);
			runOnlyForDeploymentPostprocessing = 0;
		};
		FA34DB422D7679F400D1C1C5 /* Sources */ = {
			isa = PBXSourcesBuildPhase;
			buildActionMask = 2147483647;
			files = (
			);
			runOnlyForDeploymentPostprocessing = 0;
		};
		FA819D6F2F75DA8B006242DA /* Sources */ = {
			isa = PBXSourcesBuildPhase;
			buildActionMask = 2147483647;
			files = (
			);
			runOnlyForDeploymentPostprocessing = 0;
		};
		FA819D8F2F75DB8C006242DA /* Sources */ = {
			isa = PBXSourcesBuildPhase;
			buildActionMask = 2147483647;
			files = (
			);
			runOnlyForDeploymentPostprocessing = 0;
		};
/* End PBXSourcesBuildPhase section */

/* Begin PBXTargetDependency section */
		A900D675F6971EC85F241C93 /* PBXTargetDependency */ = {
			isa = PBXTargetDependency;
			name = TeakLiveActivityWidget;
			target = 0E477D5F927A61A51B1DFB35 /* TeakLiveActivityWidget */;
			targetProxy = C9D7D3B9771D24A322E9182C /* PBXContainerItemProxy */;
		};
		FA819D792F75DA8B006242DA /* PBXTargetDependency */ = {
			isa = PBXTargetDependency;
			target = FA819D722F75DA8B006242DA /* TeakNotificationService */;
			targetProxy = FA819D782F75DA8B006242DA /* PBXContainerItemProxy */;
		};
		FA819DA02F75DB8C006242DA /* PBXTargetDependency */ = {
			isa = PBXTargetDependency;
			target = FA819D922F75DB8C006242DA /* TeakContentExtension */;
			targetProxy = FA819D9F2F75DB8C006242DA /* PBXContainerItemProxy */;
		};
/* End PBXTargetDependency section */

/* Begin XCBuildConfiguration section */
		85FD83CB78E5F35DABD23A6B /* Debug */ = {
			isa = XCBuildConfiguration;
			baseConfigurationReference = BCAA3043447EF7136DAD6951 /* Pods-TeakLiveActivityWidget.debug.xcconfig */;
			buildSettings = {
				CODE_SIGN_STYLE = Automatic;
				CURRENT_PROJECT_VERSION = 1;
				DEVELOPMENT_TEAM = 7FLZTACJ82;
				ENABLE_USER_SCRIPT_SANDBOXING = YES;
				GENERATE_INFOPLIST_FILE = YES;
				INFOPLIST_FILE = TeakLiveActivityWidget/Info.plist;
				INFOPLIST_KEY_CFBundleDisplayName = TeakLiveActivityWidget;
				INFOPLIST_KEY_NSHumanReadableCopyright = "";
				IPHONEOS_DEPLOYMENT_TARGET = 18.0;
				LD_RUNPATH_SEARCH_PATHS = (
					"$(inherited)",
					"@executable_path/Frameworks",
					"@executable_path/../../Frameworks",
				);
				MARKETING_VERSION = 1.0;
				PRODUCT_BUNDLE_IDENTIFIER = io.teak.TeakSwiftCleanroomPods.TeakLiveActivityWidget;
				PRODUCT_NAME = "$(TARGET_NAME)";
				SKIP_INSTALL = YES;
				SWIFT_EMIT_LOC_STRINGS = YES;
				SWIFT_VERSION = 5.0;
				TARGETED_DEVICE_FAMILY = "1,2";
			};
			name = Debug;
		};
		BF1DC6171DA37C3B27D969F2 /* Release */ = {
			isa = XCBuildConfiguration;
			baseConfigurationReference = 7F41F0125D069943D0323D3A /* Pods-TeakLiveActivityWidget.release.xcconfig */;
			buildSettings = {
				CODE_SIGN_STYLE = Automatic;
				CURRENT_PROJECT_VERSION = 1;
				DEVELOPMENT_TEAM = 7FLZTACJ82;
				ENABLE_USER_SCRIPT_SANDBOXING = YES;
				GENERATE_INFOPLIST_FILE = YES;
				INFOPLIST_FILE = TeakLiveActivityWidget/Info.plist;
				INFOPLIST_KEY_CFBundleDisplayName = TeakLiveActivityWidget;
				INFOPLIST_KEY_NSHumanReadableCopyright = "";
				IPHONEOS_DEPLOYMENT_TARGET = 18.0;
				LD_RUNPATH_SEARCH_PATHS = (
					"$(inherited)",
					"@executable_path/Frameworks",
					"@executable_path/../../Frameworks",
				);
				MARKETING_VERSION = 1.0;
				PRODUCT_BUNDLE_IDENTIFIER = io.teak.TeakSwiftCleanroomPods.TeakLiveActivityWidget;
				PRODUCT_NAME = "$(TARGET_NAME)";
				SKIP_INSTALL = YES;
				SWIFT_EMIT_LOC_STRINGS = YES;
				SWIFT_VERSION = 5.0;
				TARGETED_DEVICE_FAMILY = "1,2";
				VALIDATE_PRODUCT = YES;
			};
			name = Release;
		};
		FA34DB522D7679F500D1C1C5 /* Debug */ = {
			isa = XCBuildConfiguration;
			buildSettings = {
				ALWAYS_SEARCH_USER_PATHS = NO;
				ASSETCATALOG_COMPILER_GENERATE_SWIFT_ASSET_SYMBOL_EXTENSIONS = YES;
				CLANG_ANALYZER_NONNULL = YES;
				CLANG_ANALYZER_NUMBER_OBJECT_CONVERSION = YES_AGGRESSIVE;
				CLANG_CXX_LANGUAGE_STANDARD = "gnu++20";
				CLANG_ENABLE_MODULES = YES;
				CLANG_ENABLE_OBJC_ARC = YES;
				CLANG_ENABLE_OBJC_WEAK = YES;
				CLANG_WARN_BLOCK_CAPTURE_AUTORELEASING = YES;
				CLANG_WARN_BOOL_CONVERSION = YES;
				CLANG_WARN_COMMA = YES;
				CLANG_WARN_CONSTANT_CONVERSION = YES;
				CLANG_WARN_DEPRECATED_OBJC_IMPLEMENTATIONS = YES;
				CLANG_WARN_DIRECT_OBJC_ISA_USAGE = YES_ERROR;
				CLANG_WARN_DOCUMENTATION_COMMENTS = YES;
				CLANG_WARN_EMPTY_BODY = YES;
				CLANG_WARN_ENUM_CONVERSION = YES;
				CLANG_WARN_INFINITE_RECURSION = YES;
				CLANG_WARN_INT_CONVERSION = YES;
				CLANG_WARN_NON_LITERAL_NULL_CONVERSION = YES;
				CLANG_WARN_OBJC_IMPLICIT_RETAIN_SELF = YES;
				CLANG_WARN_OBJC_LITERAL_CONVERSION = YES;
				CLANG_WARN_OBJC_ROOT_CLASS = YES_ERROR;
				CLANG_WARN_QUOTED_INCLUDE_IN_FRAMEWORK_HEADER = YES;
				CLANG_WARN_RANGE_LOOP_ANALYSIS = YES;
				CLANG_WARN_STRICT_PROTOTYPES = YES;
				CLANG_WARN_SUSPICIOUS_MOVE = YES;
				CLANG_WARN_UNGUARDED_AVAILABILITY = YES_AGGRESSIVE;
				CLANG_WARN_UNREACHABLE_CODE = YES;
				CLANG_WARN__DUPLICATE_METHOD_MATCH = YES;
				COPY_PHASE_STRIP = NO;
				DEBUG_INFORMATION_FORMAT = dwarf;
				ENABLE_STRICT_OBJC_MSGSEND = YES;
				ENABLE_TESTABILITY = YES;
				ENABLE_USER_SCRIPT_SANDBOXING = NO;
				GCC_C_LANGUAGE_STANDARD = gnu17;
				GCC_DYNAMIC_NO_PIC = NO;
				GCC_NO_COMMON_BLOCKS = YES;
				GCC_OPTIMIZATION_LEVEL = 0;
				GCC_PREPROCESSOR_DEFINITIONS = (
					"DEBUG=1",
					"$(inherited)",
				);
				GCC_WARN_64_TO_32_BIT_CONVERSION = YES;
				GCC_WARN_ABOUT_RETURN_TYPE = YES_ERROR;
				GCC_WARN_UNDECLARED_SELECTOR = YES;
				GCC_WARN_UNINITIALIZED_AUTOS = YES_AGGRESSIVE;
				GCC_WARN_UNUSED_FUNCTION = YES;
				GCC_WARN_UNUSED_VARIABLE = YES;
				IPHONEOS_DEPLOYMENT_TARGET = 18.2;
				LOCALIZATION_PREFERS_STRING_CATALOGS = YES;
				MTL_ENABLE_DEBUG_INFO = INCLUDE_SOURCE;
				MTL_FAST_MATH = YES;
				ONLY_ACTIVE_ARCH = YES;
				SDKROOT = iphoneos;
				SWIFT_ACTIVE_COMPILATION_CONDITIONS = "DEBUG $(inherited)";
				SWIFT_OPTIMIZATION_LEVEL = "-Onone";
			};
			name = Debug;
		};
		FA34DB532D7679F500D1C1C5 /* Release */ = {
			isa = XCBuildConfiguration;
			buildSettings = {
				ALWAYS_SEARCH_USER_PATHS = NO;
				ASSETCATALOG_COMPILER_GENERATE_SWIFT_ASSET_SYMBOL_EXTENSIONS = YES;
				CLANG_ANALYZER_NONNULL = YES;
				CLANG_ANALYZER_NUMBER_OBJECT_CONVERSION = YES_AGGRESSIVE;
				CLANG_CXX_LANGUAGE_STANDARD = "gnu++20";
				CLANG_ENABLE_MODULES = YES;
				CLANG_ENABLE_OBJC_ARC = YES;
				CLANG_ENABLE_OBJC_WEAK = YES;
				CLANG_WARN_BLOCK_CAPTURE_AUTORELEASING = YES;
				CLANG_WARN_BOOL_CONVERSION = YES;
				CLANG_WARN_COMMA = YES;
				CLANG_WARN_CONSTANT_CONVERSION = YES;
				CLANG_WARN_DEPRECATED_OBJC_IMPLEMENTATIONS = YES;
				CLANG_WARN_DIRECT_OBJC_ISA_USAGE = YES_ERROR;
				CLANG_WARN_DOCUMENTATION_COMMENTS = YES;
				CLANG_WARN_EMPTY_BODY = YES;
				CLANG_WARN_ENUM_CONVERSION = YES;
				CLANG_WARN_INFINITE_RECURSION = YES;
				CLANG_WARN_INT_CONVERSION = YES;
				CLANG_WARN_NON_LITERAL_NULL_CONVERSION = YES;
				CLANG_WARN_OBJC_IMPLICIT_RETAIN_SELF = YES;
				CLANG_WARN_OBJC_LITERAL_CONVERSION = YES;
				CLANG_WARN_OBJC_ROOT_CLASS = YES_ERROR;
				CLANG_WARN_QUOTED_INCLUDE_IN_FRAMEWORK_HEADER = YES;
				CLANG_WARN_RANGE_LOOP_ANALYSIS = YES;
				CLANG_WARN_STRICT_PROTOTYPES = YES;
				CLANG_WARN_SUSPICIOUS_MOVE = YES;
				CLANG_WARN_UNGUARDED_AVAILABILITY = YES_AGGRESSIVE;
				CLANG_WARN_UNREACHABLE_CODE = YES;
				CLANG_WARN__DUPLICATE_METHOD_MATCH = YES;
				COPY_PHASE_STRIP = NO;
				DEBUG_INFORMATION_FORMAT = "dwarf-with-dsym";
				ENABLE_NS_ASSERTIONS = NO;
				ENABLE_STRICT_OBJC_MSGSEND = YES;
				ENABLE_USER_SCRIPT_SANDBOXING = NO;
				GCC_C_LANGUAGE_STANDARD = gnu17;
				GCC_NO_COMMON_BLOCKS = YES;
				GCC_WARN_64_TO_32_BIT_CONVERSION = YES;
				GCC_WARN_ABOUT_RETURN_TYPE = YES_ERROR;
				GCC_WARN_UNDECLARED_SELECTOR = YES;
				GCC_WARN_UNINITIALIZED_AUTOS = YES_AGGRESSIVE;
				GCC_WARN_UNUSED_FUNCTION = YES;
				GCC_WARN_UNUSED_VARIABLE = YES;
				IPHONEOS_DEPLOYMENT_TARGET = 18.2;
				LOCALIZATION_PREFERS_STRING_CATALOGS = YES;
				MTL_ENABLE_DEBUG_INFO = NO;
				MTL_FAST_MATH = YES;
				SDKROOT = iphoneos;
				SWIFT_COMPILATION_MODE = wholemodule;
				VALIDATE_PRODUCT = YES;
			};
			name = Release;
		};
		FA34DB552D7679F500D1C1C5 /* Debug */ = {
			isa = XCBuildConfiguration;
			baseConfigurationReference = 70850633151861A9D3DA7E1A /* Pods-TeakSwiftCleanroomPods.debug.xcconfig */;
			buildSettings = {
				ASSETCATALOG_COMPILER_APPICON_NAME = AppIcon;
				ASSETCATALOG_COMPILER_GLOBAL_ACCENT_COLOR_NAME = AccentColor;
				CODE_SIGN_ENTITLEMENTS = TeakSwiftCleanroomPods/TeakSwiftCleanroomPods.entitlements;
				CODE_SIGN_STYLE = Automatic;
				CURRENT_PROJECT_VERSION = 1;
				DEVELOPMENT_ASSET_PATHS = "\"TeakSwiftCleanroomPods/Preview Content\"";
				DEVELOPMENT_TEAM = 7FLZTACJ82;
				ENABLE_PREVIEWS = YES;
				GENERATE_INFOPLIST_FILE = YES;
				INFOPLIST_FILE = TeakSwiftCleanroomPods/Info.plist;
				INFOPLIST_KEY_UIApplicationSceneManifest_Generation = YES;
				INFOPLIST_KEY_UIApplicationSupportsIndirectInputEvents = YES;
				INFOPLIST_KEY_UILaunchScreen_Generation = YES;
				INFOPLIST_KEY_UISupportedInterfaceOrientations_iPad = "UIInterfaceOrientationPortrait UIInterfaceOrientationPortraitUpsideDown UIInterfaceOrientationLandscapeLeft UIInterfaceOrientationLandscapeRight";
				INFOPLIST_KEY_UISupportedInterfaceOrientations_iPhone = "UIInterfaceOrientationPortrait UIInterfaceOrientationLandscapeLeft UIInterfaceOrientationLandscapeRight";
				LD_RUNPATH_SEARCH_PATHS = (
					"$(inherited)",
					"@executable_path/Frameworks",
				);
				MARKETING_VERSION = 1.0;
				PRODUCT_BUNDLE_IDENTIFIER = io.teak.TeakSwiftCleanroomPods;
				PRODUCT_NAME = "$(TARGET_NAME)";
				SWIFT_EMIT_LOC_STRINGS = YES;
				SWIFT_VERSION = 5.0;
				TARGETED_DEVICE_FAMILY = "1,2";
			};
			name = Debug;
		};
		FA34DB562D7679F500D1C1C5 /* Release */ = {
			isa = XCBuildConfiguration;
			baseConfigurationReference = 11B515428D20B63798A77E3C /* Pods-TeakSwiftCleanroomPods.release.xcconfig */;
			buildSettings = {
				ASSETCATALOG_COMPILER_APPICON_NAME = AppIcon;
				ASSETCATALOG_COMPILER_GLOBAL_ACCENT_COLOR_NAME = AccentColor;
				CODE_SIGN_ENTITLEMENTS = TeakSwiftCleanroomPods/TeakSwiftCleanroomPods.entitlements;
				CODE_SIGN_STYLE = Automatic;
				CURRENT_PROJECT_VERSION = 1;
				DEVELOPMENT_ASSET_PATHS = "\"TeakSwiftCleanroomPods/Preview Content\"";
				DEVELOPMENT_TEAM = 7FLZTACJ82;
				ENABLE_PREVIEWS = YES;
				GENERATE_INFOPLIST_FILE = YES;
				INFOPLIST_FILE = TeakSwiftCleanroomPods/Info.plist;
				INFOPLIST_KEY_UIApplicationSceneManifest_Generation = YES;
				INFOPLIST_KEY_UIApplicationSupportsIndirectInputEvents = YES;
				INFOPLIST_KEY_UILaunchScreen_Generation = YES;
				INFOPLIST_KEY_UISupportedInterfaceOrientations_iPad = "UIInterfaceOrientationPortrait UIInterfaceOrientationPortraitUpsideDown UIInterfaceOrientationLandscapeLeft UIInterfaceOrientationLandscapeRight";
				INFOPLIST_KEY_UISupportedInterfaceOrientations_iPhone = "UIInterfaceOrientationPortrait UIInterfaceOrientationLandscapeLeft UIInterfaceOrientationLandscapeRight";
				LD_RUNPATH_SEARCH_PATHS = (
					"$(inherited)",
					"@executable_path/Frameworks",
				);
				MARKETING_VERSION = 1.0;
				PRODUCT_BUNDLE_IDENTIFIER = io.teak.TeakSwiftCleanroomPods;
				PRODUCT_NAME = "$(TARGET_NAME)";
				SWIFT_EMIT_LOC_STRINGS = YES;
				SWIFT_VERSION = 5.0;
				TARGETED_DEVICE_FAMILY = "1,2";
			};
			name = Release;
		};
		FA819D7C2F75DA8B006242DA /* Debug */ = {
			isa = XCBuildConfiguration;
			baseConfigurationReference = 0594A5B5AF4D0B42318D96FF /* Pods-TeakNotificationService.debug.xcconfig */;
			buildSettings = {
				CODE_SIGN_STYLE = Automatic;
				CURRENT_PROJECT_VERSION = 1;
				DEVELOPMENT_TEAM = 7FLZTACJ82;
				ENABLE_USER_SCRIPT_SANDBOXING = YES;
				GENERATE_INFOPLIST_FILE = YES;
				INFOPLIST_FILE = TeakNotificationService/Info.plist;
				INFOPLIST_KEY_CFBundleDisplayName = TeakNotificationService;
				INFOPLIST_KEY_NSHumanReadableCopyright = "";
				IPHONEOS_DEPLOYMENT_TARGET = 18.5;
				LD_RUNPATH_SEARCH_PATHS = (
					"$(inherited)",
					"@executable_path/Frameworks",
					"@executable_path/../../Frameworks",
				);
				MARKETING_VERSION = 1.0;
				PRODUCT_BUNDLE_IDENTIFIER = io.teak.TeakSwiftCleanroomPods.TeakNotificationService;
				PRODUCT_NAME = "$(TARGET_NAME)";
				SKIP_INSTALL = YES;
				SWIFT_EMIT_LOC_STRINGS = YES;
				SWIFT_VERSION = 5.0;
				TARGETED_DEVICE_FAMILY = "1,2";
			};
			name = Debug;
		};
		FA819D7D2F75DA8B006242DA /* Release */ = {
			isa = XCBuildConfiguration;
			baseConfigurationReference = A6FC1337B03CCE39F012CEE2 /* Pods-TeakNotificationService.release.xcconfig */;
			buildSettings = {
				CODE_SIGN_STYLE = Automatic;
				CURRENT_PROJECT_VERSION = 1;
				DEVELOPMENT_TEAM = 7FLZTACJ82;
				ENABLE_USER_SCRIPT_SANDBOXING = YES;
				GENERATE_INFOPLIST_FILE = YES;
				INFOPLIST_FILE = TeakNotificationService/Info.plist;
				INFOPLIST_KEY_CFBundleDisplayName = TeakNotificationService;
				INFOPLIST_KEY_NSHumanReadableCopyright = "";
				IPHONEOS_DEPLOYMENT_TARGET = 18.5;
				LD_RUNPATH_SEARCH_PATHS = (
					"$(inherited)",
					"@executable_path/Frameworks",
					"@executable_path/../../Frameworks",
				);
				MARKETING_VERSION = 1.0;
				PRODUCT_BUNDLE_IDENTIFIER = io.teak.TeakSwiftCleanroomPods.TeakNotificationService;
				PRODUCT_NAME = "$(TARGET_NAME)";
				SKIP_INSTALL = YES;
				SWIFT_EMIT_LOC_STRINGS = YES;
				SWIFT_VERSION = 5.0;
				TARGETED_DEVICE_FAMILY = "1,2";
			};
			name = Release;
		};
		FA819DA22F75DB8C006242DA /* Debug */ = {
			isa = XCBuildConfiguration;
			baseConfigurationReference = 63E70713EAA36E32BA25ABC1 /* Pods-TeakContentExtension.debug.xcconfig */;
			buildSettings = {
				CODE_SIGN_STYLE = Automatic;
				CURRENT_PROJECT_VERSION = 1;
				DEVELOPMENT_TEAM = 7FLZTACJ82;
				ENABLE_USER_SCRIPT_SANDBOXING = YES;
				GENERATE_INFOPLIST_FILE = YES;
				INFOPLIST_FILE = TeakContentExtension/Info.plist;
				INFOPLIST_KEY_CFBundleDisplayName = TeakContentExtension;
				INFOPLIST_KEY_NSHumanReadableCopyright = "";
				IPHONEOS_DEPLOYMENT_TARGET = 18.5;
				LD_RUNPATH_SEARCH_PATHS = (
					"$(inherited)",
					"@executable_path/Frameworks",
					"@executable_path/../../Frameworks",
				);
				MARKETING_VERSION = 1.0;
				PRODUCT_BUNDLE_IDENTIFIER = io.teak.TeakSwiftCleanroomPods.TeakContentExtension;
				PRODUCT_NAME = "$(TARGET_NAME)";
				SKIP_INSTALL = YES;
				SWIFT_EMIT_LOC_STRINGS = YES;
				SWIFT_VERSION = 5.0;
				TARGETED_DEVICE_FAMILY = "1,2";
			};
			name = Debug;
		};
		FA819DA32F75DB8C006242DA /* Release */ = {
			isa = XCBuildConfiguration;
			baseConfigurationReference = 9A2C499E27910A2145CB8EAE /* Pods-TeakContentExtension.release.xcconfig */;
			buildSettings = {
				CODE_SIGN_STYLE = Automatic;
				CURRENT_PROJECT_VERSION = 1;
				DEVELOPMENT_TEAM = 7FLZTACJ82;
				ENABLE_USER_SCRIPT_SANDBOXING = YES;
				GENERATE_INFOPLIST_FILE = YES;
				INFOPLIST_FILE = TeakContentExtension/Info.plist;
				INFOPLIST_KEY_CFBundleDisplayName = TeakContentExtension;
				INFOPLIST_KEY_NSHumanReadableCopyright = "";
				IPHONEOS_DEPLOYMENT_TARGET = 18.5;
				LD_RUNPATH_SEARCH_PATHS = (
					"$(inherited)",
					"@executable_path/Frameworks",
					"@executable_path/../../Frameworks",
				);
				MARKETING_VERSION = 1.0;
				PRODUCT_BUNDLE_IDENTIFIER = io.teak.TeakSwiftCleanroomPods.TeakContentExtension;
				PRODUCT_NAME = "$(TARGET_NAME)";
				SKIP_INSTALL = YES;
				SWIFT_EMIT_LOC_STRINGS = YES;
				SWIFT_VERSION = 5.0;
				TARGETED_DEVICE_FAMILY = "1,2";
			};
			name = Release;
		};
/* End XCBuildConfiguration section */

/* Begin XCConfigurationList section */
		89B3997E40CE7C653A47F0A1 /* Build configuration list for PBXNativeTarget "TeakLiveActivityWidget" */ = {
			isa = XCConfigurationList;
			buildConfigurations = (
				BF1DC6171DA37C3B27D969F2 /* Release */,
				85FD83CB78E5F35DABD23A6B /* Debug */,
			);
			defaultConfigurationIsVisible = 0;
			defaultConfigurationName = Release;
		};
		FA34DB412D7679F400D1C1C5 /* Build configuration list for PBXProject "TeakSwiftCleanroomPods" */ = {
			isa = XCConfigurationList;
			buildConfigurations = (
				FA34DB522D7679F500D1C1C5 /* Debug */,
				FA34DB532D7679F500D1C1C5 /* Release */,
			);
			defaultConfigurationIsVisible = 0;
			defaultConfigurationName = Release;
		};
		FA34DB542D7679F500D1C1C5 /* Build configuration list for PBXNativeTarget "TeakSwiftCleanroomPods" */ = {
			isa = XCConfigurationList;
			buildConfigurations = (
				FA34DB552D7679F500D1C1C5 /* Debug */,
				FA34DB562D7679F500D1C1C5 /* Release */,
			);
			defaultConfigurationIsVisible = 0;
			defaultConfigurationName = Release;
		};
		FA819D7B2F75DA8B006242DA /* Build configuration list for PBXNativeTarget "TeakNotificationService" */ = {
			isa = XCConfigurationList;
			buildConfigurations = (
				FA819D7C2F75DA8B006242DA /* Debug */,
				FA819D7D2F75DA8B006242DA /* Release */,
			);
			defaultConfigurationIsVisible = 0;
			defaultConfigurationName = Release;
		};
		FA819DA42F75DB8C006242DA /* Build configuration list for PBXNativeTarget "TeakContentExtension" */ = {
			isa = XCConfigurationList;
			buildConfigurations = (
				FA819DA22F75DB8C006242DA /* Debug */,
				FA819DA32F75DB8C006242DA /* Release */,
			);
			defaultConfigurationIsVisible = 0;
			defaultConfigurationName = Release;
		};
/* End XCConfigurationList section */
	};
	rootObject = FA34DB3E2D7679F400D1C1C5 /* Project object */;
}
